
Microsoft Visual Studio Solution File, Format Version 12.00
# Visual Studio 2012
Project("{FAE04EC0-301F-11D3-BF4B-00C04F79EFBC}") = "AndroidIconicsSample-Nuget", "AndroidIconicsSample-Nuget.csproj", "{5F7BBEC6-975D-4695-B111-783DD34D56D3}"
EndProject
Global
	GlobalSection(SolutionConfigurationPlatforms) = preSolution
		Debug|Any CPU = Debug|Any CPU
		Release|Any CPU = Release|Any CPU
	EndGlobalSection
	GlobalSection(ProjectConfigurationPlatforms) = postSolution
		{5F7BBEC6-975D-4695-B111-783DD34D56D3}.Debug|Any CPU.ActiveCfg = Debug|Any CPU
		{5F7BBEC6-975D-4695-B111-783DD34D56D3}.Debug|Any CPU.Build.0 = Debug|Any CPU
		{5F7BBEC6-975D-4695-B111-783DD34D56D3}.Release|Any CPU.ActiveCfg = Release|Any CPU
		{5F7BBEC6-975D-4695-B111-783DD34D56D3}.Release|Any CPU.Build.0 = Release|Any CPU
	EndGlobalSection
EndGlobal
